
Microsoft Visual Studio Solution File, Format Version 12.00
# Visual Studio 15
VisualStudioVersion = 15.0.28307.421
MinimumVisualStudioVersion = 10.0.40219.1
Project("{9A19103F-16F7-4668-BE54-9A1E7A4F7556}") = "Server", "Chat\Server.csproj", "{BF3C6580-2740-47E4-B63E-D7D9A566CD38}"
EndProject
Project("{9A19103F-16F7-4668-BE54-9A1E7A4F7556}") = "Client", "Client\Client.csproj", "{95A44A44-5ACB-498F-A04E-C10C4A1A812E}"
EndProject
Project("{9A19103F-16F7-4668-BE54-9A1E7A4F7556}") = "Components", "ChatStream\Components.csproj", "{DDC661C4-235A-4284-8676-8FD490AAB47F}"
EndProject
Project("{FAE04EC0-301F-11D3-BF4B-00C04F79EFBC}") = "ComponentsTests", "ComponentsTests\ComponentsTests.csproj", "{0AB47A39-5507-468B-BB69-15E2504F638F}"
EndProject
Global
	GlobalSection(SolutionConfigurationPlatforms) = preSolution
		Debug|Any CPU = Debug|Any CPU
		Release|Any CPU = Release|Any CPU
	EndGlobalSection
	GlobalSection(ProjectConfigurationPlatforms) = postSolution
		{BF3C6580-2740-47E4-B63E-D7D9A566CD38}.Debug|Any CPU.ActiveCfg = Debug|Any CPU
		{BF3C6580-2740-47E4-B63E-D7D9A566CD38}.Debug|Any CPU.Build.0 = Debug|Any CPU
		{BF3C6580-2740-47E4-B63E-D7D9A566CD38}.Release|Any CPU.ActiveCfg = Release|Any CPU
		{BF3C6580-2740-47E4-B63E-D7D9A566CD38}.Release|Any CPU.Build.0 = Release|Any CPU
		{95A44A44-5ACB-498F-A04E-C10C4A1A812E}.Debug|Any CPU.ActiveCfg = Debug|Any CPU
		{95A44A44-5ACB-498F-A04E-C10C4A1A812E}.Debug|Any CPU.Build.0 = Debug|Any CPU
		{95A44A44-5ACB-498F-A04E-C10C4A1A812E}.Release|Any CPU.ActiveCfg = Release|Any CPU
		{95A44A44-5ACB-498F-A04E-C10C4A1A812E}.Release|Any CPU.Build.0 = Release|Any CPU
		{DDC661C4-235A-4284-8676-8FD490AAB47F}.Debug|Any CPU.ActiveCfg = Debug|Any CPU
		{DDC661C4-235A-4284-8676-8FD490AAB47F}.Debug|Any CPU.Build.0 = Debug|Any CPU
		{DDC661C4-235A-4284-8676-8FD490AAB47F}.Release|Any CPU.ActiveCfg = Release|Any CPU
		{DDC661C4-235A-4284-8676-8FD490AAB47F}.Release|Any CPU.Build.0 = Release|Any CPU
		{0AB47A39-5507-468B-BB69-15E2504F638F}.Debug|Any CPU.ActiveCfg = Debug|Any CPU
		{0AB47A39-5507-468B-BB69-15E2504F638F}.Debug|Any CPU.Build.0 = Debug|Any CPU
		{0AB47A39-5507-468B-BB69-15E2504F638F}.Release|Any CPU.ActiveCfg = Release|Any CPU
		{0AB47A39-5507-468B-BB69-15E2504F638F}.Release|Any CPU.Build.0 = Release|Any CPU
	EndGlobalSection
	GlobalSection(SolutionProperties) = preSolution
		HideSolutionNode = FALSE
	EndGlobalSection
	GlobalSection(ExtensibilityGlobals) = postSolution
		SolutionGuid = {F60BD320-EFE8-422F-8683-752582157377}
	EndGlobalSection
EndGlobal
